
Microsoft Visual Studio Solution File, Format Version 12.00
# Visual Studio 15
VisualStudioVersion = 15.0.27703.2047
MinimumVisualStudioVersion = 10.0.40219.1
Project("{FAE04EC0-301F-11D3-BF4B-00C04F79EFBC}") = "TagExplorer", "TagExplorer\TagExplorer.csproj", "{C6B4244E-F33B-409F-B98F-DD80B64466AB}"
EndProject
Global
	GlobalSection(SolutionConfigurationPlatforms) = preSolution
		Debug|Any CPU = Debug|Any CPU
		Release|Any CPU = Release|Any CPU
	EndGlobalSection
	GlobalSection(ProjectConfigurationPlatforms) = postSolution
		{C6B4244E-F33B-409F-B98F-DD80B64466AB}.Debug|Any CPU.ActiveCfg = Debug|Any CPU
		{C6B4244E-F33B-409F-B98F-DD80B64466AB}.Debug|Any CPU.Build.0 = Debug|Any CPU
		{C6B4244E-F33B-409F-B98F-DD80B64466AB}.Release|Any CPU.ActiveCfg = Release|Any CPU
		{C6B4244E-F33B-409F-B98F-DD80B64466AB}.Release|Any CPU.Build.0 = Release|Any CPU
	EndGlobalSection
	GlobalSection(SolutionProperties) = preSolution
		HideSolutionNode = FALSE
	EndGlobalSection
	GlobalSection(ExtensibilityGlobals) = postSolution
		SolutionGuid = {7A94A29A-4755-4155-AF4D-B5E4E11E77E8}
	EndGlobalSection
EndGlobal
